<?xml version="1.0" encoding="utf-8"?>
<Project ToolsVersion="4.0" xmlns="http://schemas.microsoft.com/developer/msbuild/2003">
  <ItemGroup>
    <ClCompile Include="..\..\source\cpu.c" />
    <ClCompile Include="..\..\source\main.c" />
    <ClCompile Include="..\..\source\ppu.c" />
    <ClCompile Include="..\..\source\system.c" />
    <ClCompile Include="..\..\source\utils.c" />
    <ClCompile Include="..\..\source\windows\platform_app.c">
      <Filter>platform</Filter>
    </ClCompile>
    <ClCompile Include="..\..\source\windows\platform_debug.c">
      <Filter>platform</Filter>
    </ClCompile>
    <ClCompile Include="..\..\source\debug.c" />
  </ItemGroup>
  <ItemGroup>
    <ClInclude Include="..\..\source\cpu.h" />
    <ClInclude Include="..\..\source\ppu.h" />
    <ClInclude Include="..\..\source\system.h" />
    <ClInclude Include="..\..\source\types.h" />
    <ClInclude Include="..\..\source\utils.h" />
    <ClInclude Include="..\..\source\opcode_debug.h" />
    <ClInclude Include="..\..\source\windows\platform_app.h">
      <Filter>platform</Filter>
    </ClInclude>
    <ClInclude Include="..\..\source\windows\platform_debug.h">
      <Filter>platform</Filter>
    </ClInclude>
    <ClInclude Include="..\..\source\debug.h" />
    <ClInclude Include="..\..\source\system_types.h" />
  </ItemGroup>
  <ItemGroup>
    <Filter Include="platform">
      <UniqueIdentifier>{8247aac0-180e-4745-854e-5798fdba075a}</UniqueIdentifier>
    </Filter>
  </ItemGroup>
</Project>